
Microsoft Visual Studio Solution File, Format Version 12.00
# Visual Studio 2013
VisualStudioVersion = 12.0.0.0
MinimumVisualStudioVersion = 10.0.0.1
Project("{FAE04EC0-301F-11D3-BF4B-00C04F79EFBC}") = "ArchitectNow.ApiStarter.Api", "ArchitectNow.ApiStarter.Api/ArchitectNow.ApiStarter.Api.csproj", "{983B1171-6120-473A-B007-2D12B6BA011E}"
EndProject
Project("{FAE04EC0-301F-11D3-BF4B-00C04F79EFBC}") = "ArchitectNow.ApiStarter.Common", "ArchitectNow.ApiStarter.Common\ArchitectNow.ApiStarter.Common.csproj", "{45D334AE-625B-4BD4-B85B-FA26B8A1E8CF}"
EndProject
Project("{FAE04EC0-301F-11D3-BF4B-00C04F79EFBC}") = "ArchitectNow.ApiStarter.Tests", "ArchitectNow.ApiStarter.Tests\ArchitectNow.ApiStarter.Tests.csproj", "{AE3A772B-99C1-47B8-B025-51F1EE5EEE63}"
EndProject
Project("{FAE04EC0-301F-11D3-BF4B-00C04F79EFBC}") = "ArchitectNow.ApiStarter.Api.Client", "ArchitectNow.ApiStarter.Api.Client\ArchitectNow.ApiStarter.Api.Client.csproj", "{1B2BE2A9-6B27-494E-9E1D-E20E7D121793}"
EndProject
Global
	GlobalSection(SolutionConfigurationPlatforms) = preSolution
		Debug|Any CPU = Debug|Any CPU
		Release|Any CPU = Release|Any CPU
	EndGlobalSection
	GlobalSection(ProjectConfigurationPlatforms) = postSolution
		{983B1171-6120-473A-B007-2D12B6BA011E}.Debug|Any CPU.ActiveCfg = Debug|Any CPU
		{983B1171-6120-473A-B007-2D12B6BA011E}.Debug|Any CPU.Build.0 = Debug|Any CPU
		{983B1171-6120-473A-B007-2D12B6BA011E}.Release|Any CPU.ActiveCfg = Release|Any CPU
		{983B1171-6120-473A-B007-2D12B6BA011E}.Release|Any CPU.Build.0 = Release|Any CPU
		{45D334AE-625B-4BD4-B85B-FA26B8A1E8CF}.Debug|Any CPU.ActiveCfg = Debug|Any CPU
		{45D334AE-625B-4BD4-B85B-FA26B8A1E8CF}.Debug|Any CPU.Build.0 = Debug|Any CPU
		{45D334AE-625B-4BD4-B85B-FA26B8A1E8CF}.Release|Any CPU.ActiveCfg = Release|Any CPU
		{45D334AE-625B-4BD4-B85B-FA26B8A1E8CF}.Release|Any CPU.Build.0 = Release|Any CPU
		{AE3A772B-99C1-47B8-B025-51F1EE5EEE63}.Debug|Any CPU.ActiveCfg = Debug|Any CPU
		{AE3A772B-99C1-47B8-B025-51F1EE5EEE63}.Debug|Any CPU.Build.0 = Debug|Any CPU
		{AE3A772B-99C1-47B8-B025-51F1EE5EEE63}.Release|Any CPU.ActiveCfg = Release|Any CPU
		{AE3A772B-99C1-47B8-B025-51F1EE5EEE63}.Release|Any CPU.Build.0 = Release|Any CPU
		{1B2BE2A9-6B27-494E-9E1D-E20E7D121793}.Debug|Any CPU.ActiveCfg = Debug|Any CPU
		{1B2BE2A9-6B27-494E-9E1D-E20E7D121793}.Debug|Any CPU.Build.0 = Debug|Any CPU
		{1B2BE2A9-6B27-494E-9E1D-E20E7D121793}.Release|Any CPU.ActiveCfg = Release|Any CPU
		{1B2BE2A9-6B27-494E-9E1D-E20E7D121793}.Release|Any CPU.Build.0 = Release|Any CPU
	EndGlobalSection
	GlobalSection(SolutionProperties) = preSolution
		HideSolutionNode = FALSE
	EndGlobalSection
EndGlobal
